// !$*UTF8*$!
{
	archiveVersion = 1;
	classes = {
	};
	objectVersion = 50;
	objects = {

/* Begin PBXBuildFile section */
		4E9A1BB8260CC4540008B27B /* AppDelegate.swift in Sources */ = {isa = PBXBuildFile; fileRef = 4E9A1BB7260CC4540008B27B /* AppDelegate.swift */; };
		4E9A1BBA260CC4540008B27B /* SceneDelegate.swift in Sources */ = {isa = PBXBuildFile; fileRef = 4E9A1BB9260CC4540008B27B /* SceneDelegate.swift */; };
		4E9A1BBC260CC4540008B27B /* LandingViewController.swift in Sources */ = {isa = PBXBuildFile; fileRef = 4E9A1BBB260CC4540008B27B /* LandingViewController.swift */; };
		4E9A1BBF260CC4540008B27B /* Main.storyboard in Resources */ = {isa = PBXBuildFile; fileRef = 4E9A1BBD260CC4540008B27B /* Main.storyboard */; };
		4E9A1BC1260CC4560008B27B /* Assets.xcassets in Resources */ = {isa = PBXBuildFile; fileRef = 4E9A1BC0260CC4560008B27B /* Assets.xcassets */; };
		4E9A1BC4260CC4560008B27B /* LaunchScreen.storyboard in Resources */ = {isa = PBXBuildFile; fileRef = 4E9A1BC2260CC4560008B27B /* LaunchScreen.storyboard */; };
		4E9A1BCD260CE3AC0008B27B /* LandingViewController+Views.swift in Sources */ = {isa = PBXBuildFile; fileRef = 4E9A1BCC260CE3AC0008B27B /* LandingViewController+Views.swift */; };
		4E9A1BD2260CE45C0008B27B /* LandingViewController+Animators.swift in Sources */ = {isa = PBXBuildFile; fileRef = 4E9A1BD1260CE45C0008B27B /* LandingViewController+Animators.swift */; };
/* End PBXBuildFile section */

/* Begin PBXFileReference section */
		4E9A1BB4260CC4540008B27B /* Baims Landing Page.app */ = {isa = PBXFileReference; explicitFileType = wrapper.application; includeInIndex = 0; path = "Baims Landing Page.app"; sourceTree = BUILT_PRODUCTS_DIR; };
		4E9A1BB7260CC4540008B27B /* AppDelegate.swift */ = {isa = PBXFileReference; lastKnownFileType = sourcecode.swift; path = AppDelegate.swift; sourceTree = "<group>"; };
		4E9A1BB9260CC4540008B27B /* SceneDelegate.swift */ = {isa = PBXFileReference; lastKnownFileType = sourcecode.swift; path = SceneDelegate.swift; sourceTree = "<group>"; };
		4E9A1BBB260CC4540008B27B /* LandingViewController.swift */ = {isa = PBXFileReference; lastKnownFileType = sourcecode.swift; path = LandingViewController.swift; sourceTree = "<group>"; };
		4E9A1BBE260CC4540008B27B /* Base */ = {isa = PBXFileReference; lastKnownFileType = file.storyboard; name = Base; path = Base.lproj/Main.storyboard; sourceTree = "<group>"; };
		4E9A1BC0260CC4560008B27B /* Assets.xcassets */ = {isa = PBXFileReference; lastKnownFileType = folder.assetcatalog; path = Assets.xcassets; sourceTree = "<group>"; };
		4E9A1BC3260CC4560008B27B /* Base */ = {isa = PBXFileReference; lastKnownFileType = file.storyboard; name = Base; path = Base.lproj/LaunchScreen.storyboard; sourceTree = "<group>"; };
		4E9A1BC5260CC4560008B27B /* Info.plist */ = {isa = PBXFileReference; lastKnownFileType = text.plist.xml; path = Info.plist; sourceTree = "<group>"; };
		4E9A1BCC260CE3AC0008B27B /* LandingViewController+Views.swift */ = {isa = PBXFileReference; lastKnownFileType = sourcecode.swift; path = "LandingViewController+Views.swift"; sourceTree = "<group>"; };
		4E9A1BD1260CE45C0008B27B /* LandingViewController+Animators.swift */ = {isa = PBXFileReference; lastKnownFileType = sourcecode.swift; path = "LandingViewController+Animators.swift"; sourceTree = "<group>"; };
/* End PBXFileReference section */

/* Begin PBXFrameworksBuildPhase section */
		4E9A1BB1260CC4540008B27B /* Frameworks */ = {
			isa = PBXFrameworksBuildPhase;
			buildActionMask = 2147483647;
			files = (
			);
			runOnlyForDeploymentPostprocessing = 0;
		};
/* End PBXFrameworksBuildPhase section */

/* Begin PBXGroup section */
		4E9A1BAB260CC4540008B27B = {
			isa = PBXGroup;
			children = (
				4E9A1BB6260CC4540008B27B /* Baims Landing Page */,
				4E9A1BB5260CC4540008B27B /* Products */,
			);
			sourceTree = "<group>";
		};
		4E9A1BB5260CC4540008B27B /* Products */ = {
			isa = PBXGroup;
			children = (
				4E9A1BB4260CC4540008B27B /* Baims Landing Page.app */,
			);
			name = Products;
			sourceTree = "<group>";
		};
		4E9A1BB6260CC4540008B27B /* Baims Landing Page */ = {
			isa = PBXGroup;
			children = (
				4E9A1BB7260CC4540008B27B /* AppDelegate.swift */,
				4E9A1BB9260CC4540008B27B /* SceneDelegate.swift */,
				4E9A1BBB260CC4540008B27B /* LandingViewController.swift */,
				4E9A1BCC260CE3AC0008B27B /* LandingViewController+Views.swift */,
				4E9A1BD1260CE45C0008B27B /* LandingViewController+Animators.swift */,
				4E9A1BBD260CC4540008B27B /* Main.storyboard */,
				4E9A1BC0260CC4560008B27B /* Assets.xcassets */,
				4E9A1BC2260CC4560008B27B /* LaunchScreen.storyboard */,
				4E9A1BC5260CC4560008B27B /* Info.plist */,
			);
			path = "Baims Landing Page";
			sourceTree = "<group>";
		};
/* End PBXGroup section */

/* Begin PBXNativeTarget section */
		4E9A1BB3260CC4540008B27B /* Baims Landing Page */ = {
			isa = PBXNativeTarget;
			buildConfigurationList = 4E9A1BC8260CC4560008B27B /* Build configuration list for PBXNativeTarget "Baims Landing Page" */;
			buildPhases = (
				4E9A1BB0260CC4540008B27B /* Sources */,
				4E9A1BB1260CC4540008B27B /* Frameworks */,
				4E9A1BB2260CC4540008B27B /* Resources */,
			);
			buildRules = (
			);
			dependencies = (
			);
			name = "Baims Landing Page";
			productName = "Baims Landing Page";
			productReference = 4E9A1BB4260CC4540008B27B /* Baims Landing Page.app */;
			productType = "com.apple.product-type.application";
		};
/* End PBXNativeTarget section */

/* Begin PBXProject section */
		4E9A1BAC260CC4540008B27B /* Project object */ = {
			isa = PBXProject;
			attributes = {
				LastSwiftUpdateCheck = 1240;
				LastUpgradeCheck = 1240;
				TargetAttributes = {
					4E9A1BB3260CC4540008B27B = {
						CreatedOnToolsVersion = 12.4;
					};
				};
			};
			buildConfigurationList = 4E9A1BAF260CC4540008B27B /* Build configuration list for PBXProject "Baims Landing Page" */;
			compatibilityVersion = "Xcode 9.3";
			developmentRegion = en;
			hasScannedForEncodings = 0;
			knownRegions = (
				en,
				Base,
			);
			mainGroup = 4E9A1BAB260CC4540008B27B;
			productRefGroup = 4E9A1BB5260CC4540008B27B /* Products */;
			projectDirPath = "";
			projectRoot = "";
			targets = (
				4E9A1BB3260CC4540008B27B /* Baims Landing Page */,
			);
		};
/* End PBXProject section */

/* Begin PBXResourcesBuildPhase section */
		4E9A1BB2260CC4540008B27B /* Resources */ = {
			isa = PBXResourcesBuildPhase;
			buildActionMask = 2147483647;
			files = (
				4E9A1BC4260CC4560008B27B /* LaunchScreen.storyboard in Resources */,
				4E9A1BC1260CC4560008B27B /* Assets.xcassets in Resources */,
				4E9A1BBF260CC4540008B27B /* Main.storyboard in Resources */,
			);
			runOnlyForDeploymentPostprocessing = 0;
		};
/* End PBXResourcesBuildPhase section */

/* Begin PBXSourcesBuildPhase section */
		4E9A1BB0260CC4540008B27B /* Sources */ = {
			isa = PBXSourcesBuildPhase;
			buildActionMask = 2147483647;
			files = (
				4E9A1BCD260CE3AC0008B27B /* LandingViewController+Views.swift in Sources */,
				4E9A1BBC260CC4540008B27B /* LandingViewController.swift in Sources */,
				4E9A1BB8260CC4540008B27B /* AppDelegate.swift in Sources */,
				4E9A1BD2260CE45C0008B27B /* LandingViewController+Animators.swift in Sources */,
				4E9A1BBA260CC4540008B27B /* SceneDelegate.swift in Sources */,
			);
			runOnlyForDeploymentPostprocessing = 0;
		};
/* End PBXSourcesBuildPhase section */

/* Begin PBXVariantGroup section */
		4E9A1BBD260CC4540008B27B /* Main.storyboard */ = {
			isa = PBXVariantGroup;
			children = (
				4E9A1BBE260CC4540008B27B /* Base */,
			);
			name = Main.storyboard;
			sourceTree = "<group>";
		};
		4E9A1BC2260CC4560008B27B /* LaunchScreen.storyboard */ = {
			isa = PBXVariantGroup;
			children = (
				4E9A1BC3260CC4560008B27B /* Base */,
			);
			name = LaunchScreen.storyboard;
			sourceTree = "<group>";
		};
/* End PBXVariantGroup section */

/* Begin XCBuildConfiguration section */
		4E9A1BC6260CC4560008B27B /* Debug */ = {
			isa = XCBuildConfiguration;
			buildSettings = {
				ALWAYS_SEARCH_USER_PATHS = NO;
				CLANG_ANALYZER_NONNULL = YES;
				CLANG_ANALYZER_NUMBER_OBJECT_CONVERSION = YES_AGGRESSIVE;
				CLANG_CXX_LANGUAGE_STANDARD = "gnu++14";
				CLANG_CXX_LIBRARY = "libc++";
				CLANG_ENABLE_MODULES = YES;
				CLANG_ENABLE_OBJC_ARC = YES;
				CLANG_ENABLE_OBJC_WEAK = YES;
				CLANG_WARN_BLOCK_CAPTURE_AUTORELEASING = YES;
				CLANG_WARN_BOOL_CONVERSION = YES;
				CLANG_WARN_COMMA = YES;
				CLANG_WARN_CONSTANT_CONVERSION = YES;
				CLANG_WARN_DEPRECATED_OBJC_IMPLEMENTATIONS = YES;
				CLANG_WARN_DIRECT_OBJC_ISA_USAGE = YES_ERROR;
				CLANG_WARN_DOCUMENTATION_COMMENTS = YES;
				CLANG_WARN_EMPTY_BODY = YES;
				CLANG_WARN_ENUM_CONVERSION = YES;
				CLANG_WARN_INFINITE_RECURSION = YES;
				CLANG_WARN_INT_CONVERSION = YES;
				CLANG_WARN_NON_LITERAL_NULL_CONVERSION = YES;
				CLANG_WARN_OBJC_IMPLICIT_RETAIN_SELF = YES;
				CLANG_WARN_OBJC_LITERAL_CONVERSION = YES;
				CLANG_WARN_OBJC_ROOT_CLASS = YES_ERROR;
				CLANG_WARN_QUOTED_INCLUDE_IN_FRAMEWORK_HEADER = YES;
				CLANG_WARN_RANGE_LOOP_ANALYSIS = YES;
				CLANG_WARN_STRICT_PROTOTYPES = YES;
				CLANG_WARN_SUSPICIOUS_MOVE = YES;
				CLANG_WARN_UNGUARDED_AVAILABILITY = YES_AGGRESSIVE;
				CLANG_WARN_UNREACHABLE_CODE = YES;
				CLANG_WARN__DUPLICATE_METHOD_MATCH = YES;
				COPY_PHASE_STRIP = NO;
				DEBUG_INFORMATION_FORMAT = dwarf;
				ENABLE_STRICT_OBJC_MSGSEND = YES;
				ENABLE_TESTABILITY = YES;
				GCC_C_LANGUAGE_STANDARD = gnu11;
				GCC_DYNAMIC_NO_PIC = NO;
				GCC_NO_COMMON_BLOCKS = YES;
				GCC_OPTIMIZATION_LEVEL = 0;
				GCC_PREPROCESSOR_DEFINITIONS = (
					"DEBUG=1",
					"$(inherited)",
				);
				GCC_WARN_64_TO_32_BIT_CONVERSION = YES;
				GCC_WARN_ABOUT_RETURN_TYPE = YES_ERROR;
				GCC_WARN_UNDECLARED_SELECTOR = YES;
				GCC_WARN_UNINITIALIZED_AUTOS = YES_AGGRESSIVE;
				GCC_WARN_UNUSED_FUNCTION = YES;
				GCC_WARN_UNUSED_VARIABLE = YES;
				IPHONEOS_DEPLOYMENT_TARGET = 14.4;
				MTL_ENABLE_DEBUG_INFO = INCLUDE_SOURCE;
				MTL_FAST_MATH = YES;
				ONLY_ACTIVE_ARCH = YES;
				SDKROOT = iphoneos;
				SWIFT_ACTIVE_COMPILATION_CONDITIONS = DEBUG;
				SWIFT_OPTIMIZATION_LEVEL = "-Onone";
			};
			name = Debug;
		};
		4E9A1BC7260CC4560008B27B /* Release */ = {
			isa = XCBuildConfiguration;
			buildSettings = {
				ALWAYS_SEARCH_USER_PATHS = NO;
				CLANG_ANALYZER_NONNULL = YES;
				CLANG_ANALYZER_NUMBER_OBJECT_CONVERSION = YES_AGGRESSIVE;
				CLANG_CXX_LANGUAGE_STANDARD = "gnu++14";
				CLANG_CXX_LIBRARY = "libc++";
				CLANG_ENABLE_MODULES = YES;
				CLANG_ENABLE_OBJC_ARC = YES;
				CLANG_ENABLE_OBJC_WEAK = YES;
				CLANG_WARN_BLOCK_CAPTURE_AUTORELEASING = YES;
				CLANG_WARN_BOOL_CONVERSION = YES;
				CLANG_WARN_COMMA = YES;
				CLANG_WARN_CONSTANT_CONVERSION = YES;
				CLANG_WARN_DEPRECATED_OBJC_IMPLEMENTATIONS = YES;
				CLANG_WARN_DIRECT_OBJC_ISA_USAGE = YES_ERROR;
				CLANG_WARN_DOCUMENTATION_COMMENTS = YES;
				CLANG_WARN_EMPTY_BODY = YES;
				CLANG_WARN_ENUM_CONVERSION = YES;
				CLANG_WARN_INFINITE_RECURSION = YES;
				CLANG_WARN_INT_CONVERSION = YES;
				CLANG_WARN_NON_LITERAL_NULL_CONVERSION = YES;
				CLANG_WARN_OBJC_IMPLICIT_RETAIN_SELF = YES;
				CLANG_WARN_OBJC_LITERAL_CONVERSION = YES;
				CLANG_WARN_OBJC_ROOT_CLASS = YES_ERROR;
				CLANG_WARN_QUOTED_INCLUDE_IN_FRAMEWORK_HEADER = YES;
				CLANG_WARN_RANGE_LOOP_ANALYSIS = YES;
				CLANG_WARN_STRICT_PROTOTYPES = YES;
				CLANG_WARN_SUSPICIOUS_MOVE = YES;
				CLANG_WARN_UNGUARDED_AVAILABILITY = YES_AGGRESSIVE;
				CLANG_WARN_UNREACHABLE_CODE = YES;
				CLANG_WARN__DUPLICATE_METHOD_MATCH = YES;
				COPY_PHASE_STRIP = NO;
				DEBUG_INFORMATION_FORMAT = "dwarf-with-dsym";
				ENABLE_NS_ASSERTIONS = NO;
				ENABLE_STRICT_OBJC_MSGSEND = YES;
				GCC_C_LANGUAGE_STANDARD = gnu11;
				GCC_NO_COMMON_BLOCKS = YES;
				GCC_WARN_64_TO_32_BIT_CONVERSION = YES;
				GCC_WARN_ABOUT_RETURN_TYPE = YES_ERROR;
				GCC_WARN_UNDECLARED_SELECTOR = YES;
				GCC_WARN_UNINITIALIZED_AUTOS = YES_AGGRESSIVE;
				GCC_WARN_UNUSED_FUNCTION = YES;
				GCC_WARN_UNUSED_VARIABLE = YES;
				IPHONEOS_DEPLOYMENT_TARGET = 14.4;
				MTL_ENABLE_DEBUG_INFO = NO;
				MTL_FAST_MATH = YES;
				SDKROOT = iphoneos;
				SWIFT_COMPILATION_MODE = wholemodule;
				SWIFT_OPTIMIZATION_LEVEL = "-O";
				VALIDATE_PRODUCT = YES;
			};
			name = Release;
		};
		4E9A1BC9260CC4560008B27B /* Debug */ = {
			isa = XCBuildConfiguration;
			buildSettings = {
				ASSETCATALOG_COMPILER_APPICON_NAME = AppIcon;
				ASSETCATALOG_COMPILER_GLOBAL_ACCENT_COLOR_NAME = AccentColor;
				CODE_SIGN_STYLE = Automatic;
				DEVELOPMENT_TEAM = XAT4WZ442G;
				INFOPLIST_FILE = "Baims Landing Page/Info.plist";
				LD_RUNPATH_SEARCH_PATHS = (
					"$(inherited)",
					"@executable_path/Frameworks",
				);
				PRODUCT_BUNDLE_IDENTIFIER = "com.Baims.Baims-Landing-Page";
				PRODUCT_NAME = "$(TARGET_NAME)";
				SWIFT_VERSION = 5.0;
				TARGETED_DEVICE_FAMILY = "1,2";
			};
			name = Debug;
		};
		4E9A1BCA260CC4560008B27B /* Release */ = {
			isa = XCBuildConfiguration;
			buildSettings = {
				ASSETCATALOG_COMPILER_APPICON_NAME = AppIcon;
				ASSETCATALOG_COMPILER_GLOBAL_ACCENT_COLOR_NAME = AccentColor;
				CODE_SIGN_STYLE = Automatic;
				DEVELOPMENT_TEAM = XAT4WZ442G;
				INFOPLIST_FILE = "Baims Landing Page/Info.plist";
				LD_RUNPATH_SEARCH_PATHS = (
					"$(inherited)",
					"@executable_path/Frameworks",
				);
				PRODUCT_BUNDLE_IDENTIFIER = "com.Baims.Baims-Landing-Page";
				PRODUCT_NAME = "$(TARGET_NAME)";
				SWIFT_VERSION = 5.0;
				TARGETED_DEVICE_FAMILY = "1,2";
			};
			name = Release;
		};
/* End XCBuildConfiguration section */

/* Begin XCConfigurationList section */
		4E9A1BAF260CC4540008B27B /* Build configuration list for PBXProject "Baims Landing Page" */ = {
			isa = XCConfigurationList;
			buildConfigurations = (
				4E9A1BC6260CC4560008B27B /* Debug */,
				4E9A1BC7260CC4560008B27B /* Release */,
			);
			defaultConfigurationIsVisible = 0;
			defaultConfigurationName = Release;
		};
		4E9A1BC8260CC4560008B27B /* Build configuration list for PBXNativeTarget "Baims Landing Page" */ = {
			isa = XCConfigurationList;
			buildConfigurations = (
				4E9A1BC9260CC4560008B27B /* Debug */,
				4E9A1BCA260CC4560008B27B /* Release */,
			);
			defaultConfigurationIsVisible = 0;
			defaultConfigurationName = Release;
		};
/* End XCConfigurationList section */
	};
	rootObject = 4E9A1BAC260CC4540008B27B /* Project object */;
}
